// !$*UTF8*$!
{
	archiveVersion = 1;
	classes = {
	};
	objectVersion = 56;
	objects = {

/* Begin PBXBuildFile section */
		278BE7622B12CC9800BF7353 /* HomeSection.swift in Sources */ = {isa = PBXBuildFile; fileRef = 278BE7612B12CC9800BF7353 /* HomeSection.swift */; };
		278BE7652B12CCA700BF7353 /* HomeIdentifier.swift in Sources */ = {isa = PBXBuildFile; fileRef = 278BE7642B12CCA700BF7353 /* HomeIdentifier.swift */; };
		278BE76A2B12D40C00BF7353 /* LabeledTag.swift in Sources */ = {isa = PBXBuildFile; fileRef = 278BE7682B12D40C00BF7353 /* LabeledTag.swift */; };
		278BE76B2B12D40C00BF7353 /* LabeledTag.xib in Resources */ = {isa = PBXBuildFile; fileRef = 278BE7692B12D40C00BF7353 /* LabeledTag.xib */; };
		278BE7712B12E28200BF7353 /* AddCell.swift in Sources */ = {isa = PBXBuildFile; fileRef = 278BE76F2B12E28200BF7353 /* AddCell.swift */; };
		278BE7722B12E28200BF7353 /* AddCell.xib in Resources */ = {isa = PBXBuildFile; fileRef = 278BE7702B12E28200BF7353 /* AddCell.xib */; };
		27AF46E32B129945005538FB /* Poppins-Bold.ttf in Resources */ = {isa = PBXBuildFile; fileRef = 27AF46E02B129945005538FB /* Poppins-Bold.ttf */; };
		27AF46E42B129945005538FB /* Poppins-Medium.ttf in Resources */ = {isa = PBXBuildFile; fileRef = 27AF46E12B129945005538FB /* Poppins-Medium.ttf */; };
		27AF46E52B129945005538FB /* Poppins-Regular.ttf in Resources */ = {isa = PBXBuildFile; fileRef = 27AF46E22B129945005538FB /* Poppins-Regular.ttf */; };
		27AF46EA2B129A7B005538FB /* HomeCoordinator.swift in Sources */ = {isa = PBXBuildFile; fileRef = 27AF46E92B129A7B005538FB /* HomeCoordinator.swift */; };
		27AF46EC2B129A8E005538FB /* AppCoordinator.swift in Sources */ = {isa = PBXBuildFile; fileRef = 27AF46EB2B129A8E005538FB /* AppCoordinator.swift */; };
		27AF46F02B12A15F005538FB /* PersonModel.swift in Sources */ = {isa = PBXBuildFile; fileRef = 27AF46EF2B12A15F005538FB /* PersonModel.swift */; };
		27AF46F42B12A2A8005538FB /* HomeViewModel.swift in Sources */ = {isa = PBXBuildFile; fileRef = 27AF46F32B12A2A8005538FB /* HomeViewModel.swift */; };
		27AF46FD2B12A3F5005538FB /* PersonCell.swift in Sources */ = {isa = PBXBuildFile; fileRef = 27AF46FB2B12A3F5005538FB /* PersonCell.swift */; };
		27AF46FE2B12A3F5005538FB /* PersonCell.xib in Resources */ = {isa = PBXBuildFile; fileRef = 27AF46FC2B12A3F5005538FB /* PersonCell.xib */; };
		27AF47002B12A626005538FB /* NibLoadableView.swift in Sources */ = {isa = PBXBuildFile; fileRef = 27AF46FF2B12A626005538FB /* NibLoadableView.swift */; };
		27AF47042B12A647005538FB /* ReusableView.swift in Sources */ = {isa = PBXBuildFile; fileRef = 27AF47032B12A647005538FB /* ReusableView.swift */; };
		27AF47082B12AEC2005538FB /* Header.swift in Sources */ = {isa = PBXBuildFile; fileRef = 27AF47062B12AEC2005538FB /* Header.swift */; };
		27AF47092B12AEC2005538FB /* Header.xib in Resources */ = {isa = PBXBuildFile; fileRef = 27AF47072B12AEC2005538FB /* Header.xib */; };
		27CE0B192B135A60003D06A4 /* HomeVC+ CompositionalLayout.swift in Sources */ = {isa = PBXBuildFile; fileRef = 27CE0B182B135A60003D06A4 /* HomeVC+ CompositionalLayout.swift */; };
		27CE0B222B136970003D06A4 /* Categories.json in Resources */ = {isa = PBXBuildFile; fileRef = 27CE0B212B136970003D06A4 /* Categories.json */; };
		27CE0B242B136A72003D06A4 /* CodableBundleExtension.swift in Sources */ = {isa = PBXBuildFile; fileRef = 27CE0B232B136A72003D06A4 /* CodableBundleExtension.swift */; };
		27D29A192B1259B4001ACEDB /* AppDelegate.swift in Sources */ = {isa = PBXBuildFile; fileRef = 27D29A182B1259B4001ACEDB /* AppDelegate.swift */; };
		27D29A1B2B1259B4001ACEDB /* SceneDelegate.swift in Sources */ = {isa = PBXBuildFile; fileRef = 27D29A1A2B1259B4001ACEDB /* SceneDelegate.swift */; };
		27D29A1D2B1259B4001ACEDB /* ViewController.swift in Sources */ = {isa = PBXBuildFile; fileRef = 27D29A1C2B1259B4001ACEDB /* ViewController.swift */; };
		27D29A222B1259B6001ACEDB /* Assets.xcassets in Resources */ = {isa = PBXBuildFile; fileRef = 27D29A212B1259B6001ACEDB /* Assets.xcassets */; };
		27D29A302B125B01001ACEDB /* HomeVC.swift in Sources */ = {isa = PBXBuildFile; fileRef = 27D29A2E2B125B01001ACEDB /* HomeVC.swift */; };
		27D29A312B125B01001ACEDB /* HomeVC.xib in Resources */ = {isa = PBXBuildFile; fileRef = 27D29A2F2B125B01001ACEDB /* HomeVC.xib */; };
		27D29A362B125BB6001ACEDB /* UIColor.swift in Sources */ = {isa = PBXBuildFile; fileRef = 27D29A342B125BB6001ACEDB /* UIColor.swift */; };
		27D29A372B125BB6001ACEDB /* AnyInspectable.swift in Sources */ = {isa = PBXBuildFile; fileRef = 27D29A352B125BB6001ACEDB /* AnyInspectable.swift */; };
/* End PBXBuildFile section */

/* Begin PBXFileReference section */
		278BE7612B12CC9800BF7353 /* HomeSection.swift */ = {isa = PBXFileReference; lastKnownFileType = sourcecode.swift; path = HomeSection.swift; sourceTree = "<group>"; };
		278BE7642B12CCA700BF7353 /* HomeIdentifier.swift */ = {isa = PBXFileReference; lastKnownFileType = sourcecode.swift; path = HomeIdentifier.swift; sourceTree = "<group>"; };
		278BE7682B12D40C00BF7353 /* LabeledTag.swift */ = {isa = PBXFileReference; lastKnownFileType = sourcecode.swift; path = LabeledTag.swift; sourceTree = "<group>"; };
		278BE7692B12D40C00BF7353 /* LabeledTag.xib */ = {isa = PBXFileReference; lastKnownFileType = file.xib; path = LabeledTag.xib; sourceTree = "<group>"; };
		278BE76F2B12E28200BF7353 /* AddCell.swift */ = {isa = PBXFileReference; lastKnownFileType = sourcecode.swift; path = AddCell.swift; sourceTree = "<group>"; };
		278BE7702B12E28200BF7353 /* AddCell.xib */ = {isa = PBXFileReference; lastKnownFileType = file.xib; path = AddCell.xib; sourceTree = "<group>"; };
		27AF46E02B129945005538FB /* Poppins-Bold.ttf */ = {isa = PBXFileReference; lastKnownFileType = file; path = "Poppins-Bold.ttf"; sourceTree = "<group>"; };
		27AF46E12B129945005538FB /* Poppins-Medium.ttf */ = {isa = PBXFileReference; lastKnownFileType = file; path = "Poppins-Medium.ttf"; sourceTree = "<group>"; };
		27AF46E22B129945005538FB /* Poppins-Regular.ttf */ = {isa = PBXFileReference; lastKnownFileType = file; path = "Poppins-Regular.ttf"; sourceTree = "<group>"; };
		27AF46E92B129A7B005538FB /* HomeCoordinator.swift */ = {isa = PBXFileReference; lastKnownFileType = sourcecode.swift; path = HomeCoordinator.swift; sourceTree = "<group>"; };
		27AF46EB2B129A8E005538FB /* AppCoordinator.swift */ = {isa = PBXFileReference; lastKnownFileType = sourcecode.swift; path = AppCoordinator.swift; sourceTree = "<group>"; };
		27AF46EF2B12A15F005538FB /* PersonModel.swift */ = {isa = PBXFileReference; lastKnownFileType = sourcecode.swift; path = PersonModel.swift; sourceTree = "<group>"; };
		27AF46F32B12A2A8005538FB /* HomeViewModel.swift */ = {isa = PBXFileReference; lastKnownFileType = sourcecode.swift; path = HomeViewModel.swift; sourceTree = "<group>"; };
		27AF46FB2B12A3F5005538FB /* PersonCell.swift */ = {isa = PBXFileReference; lastKnownFileType = sourcecode.swift; path = PersonCell.swift; sourceTree = "<group>"; };
		27AF46FC2B12A3F5005538FB /* PersonCell.xib */ = {isa = PBXFileReference; lastKnownFileType = file.xib; path = PersonCell.xib; sourceTree = "<group>"; };
		27AF46FF2B12A626005538FB /* NibLoadableView.swift */ = {isa = PBXFileReference; lastKnownFileType = sourcecode.swift; path = NibLoadableView.swift; sourceTree = "<group>"; };
		27AF47032B12A647005538FB /* ReusableView.swift */ = {isa = PBXFileReference; lastKnownFileType = sourcecode.swift; path = ReusableView.swift; sourceTree = "<group>"; };
		27AF47062B12AEC2005538FB /* Header.swift */ = {isa = PBXFileReference; lastKnownFileType = sourcecode.swift; path = Header.swift; sourceTree = "<group>"; };
		27AF47072B12AEC2005538FB /* Header.xib */ = {isa = PBXFileReference; lastKnownFileType = file.xib; path = Header.xib; sourceTree = "<group>"; };
		27CE0B182B135A60003D06A4 /* HomeVC+ CompositionalLayout.swift */ = {isa = PBXFileReference; lastKnownFileType = sourcecode.swift; path = "HomeVC+ CompositionalLayout.swift"; sourceTree = "<group>"; };
		27CE0B212B136970003D06A4 /* Categories.json */ = {isa = PBXFileReference; lastKnownFileType = text.json; path = Categories.json; sourceTree = "<group>"; };
		27CE0B232B136A72003D06A4 /* CodableBundleExtension.swift */ = {isa = PBXFileReference; lastKnownFileType = sourcecode.swift; path = CodableBundleExtension.swift; sourceTree = "<group>"; };
		27D29A152B1259B4001ACEDB /* Free-Adds.app */ = {isa = PBXFileReference; explicitFileType = wrapper.application; includeInIndex = 0; path = "Free-Adds.app"; sourceTree = BUILT_PRODUCTS_DIR; };
		27D29A182B1259B4001ACEDB /* AppDelegate.swift */ = {isa = PBXFileReference; lastKnownFileType = sourcecode.swift; path = AppDelegate.swift; sourceTree = "<group>"; };
		27D29A1A2B1259B4001ACEDB /* SceneDelegate.swift */ = {isa = PBXFileReference; lastKnownFileType = sourcecode.swift; path = SceneDelegate.swift; sourceTree = "<group>"; };
		27D29A1C2B1259B4001ACEDB /* ViewController.swift */ = {isa = PBXFileReference; lastKnownFileType = sourcecode.swift; path = ViewController.swift; sourceTree = "<group>"; };
		27D29A212B1259B6001ACEDB /* Assets.xcassets */ = {isa = PBXFileReference; lastKnownFileType = folder.assetcatalog; path = Assets.xcassets; sourceTree = "<group>"; };
		27D29A262B1259B6001ACEDB /* Info.plist */ = {isa = PBXFileReference; lastKnownFileType = text.plist.xml; path = Info.plist; sourceTree = "<group>"; };
		27D29A2E2B125B01001ACEDB /* HomeVC.swift */ = {isa = PBXFileReference; lastKnownFileType = sourcecode.swift; path = HomeVC.swift; sourceTree = "<group>"; };
		27D29A2F2B125B01001ACEDB /* HomeVC.xib */ = {isa = PBXFileReference; lastKnownFileType = file.xib; path = HomeVC.xib; sourceTree = "<group>"; };
		27D29A342B125BB6001ACEDB /* UIColor.swift */ = {isa = PBXFileReference; fileEncoding = 4; lastKnownFileType = sourcecode.swift; path = UIColor.swift; sourceTree = "<group>"; };
		27D29A352B125BB6001ACEDB /* AnyInspectable.swift */ = {isa = PBXFileReference; fileEncoding = 4; lastKnownFileType = sourcecode.swift; path = AnyInspectable.swift; sourceTree = "<group>"; };
/* End PBXFileReference section */

/* Begin PBXFrameworksBuildPhase section */
		27D29A122B1259B4001ACEDB /* Frameworks */ = {
			isa = PBXFrameworksBuildPhase;
			buildActionMask = 2147483647;
			files = (
			);
			runOnlyForDeploymentPostprocessing = 0;
		};
/* End PBXFrameworksBuildPhase section */

/* Begin PBXGroup section */
		278BE7662B12D39600BF7353 /* LabledTagg */ = {
			isa = PBXGroup;
			children = (
				278BE7682B12D40C00BF7353 /* LabeledTag.swift */,
				278BE7692B12D40C00BF7353 /* LabeledTag.xib */,
			);
			path = LabledTagg;
			sourceTree = "<group>";
		};
		278BE76E2B12E27100BF7353 /* Add */ = {
			isa = PBXGroup;
			children = (
				278BE76F2B12E28200BF7353 /* AddCell.swift */,
				278BE7702B12E28200BF7353 /* AddCell.xib */,
			);
			path = Add;
			sourceTree = "<group>";
		};
		27AF46DB2B1298FD005538FB /* Resources */ = {
			isa = PBXGroup;
			children = (
				27CE0B202B13694E003D06A4 /* Categories */,
				27AF46DC2B129900005538FB /* Font */,
			);
			path = Resources;
			sourceTree = "<group>";
		};
		27AF46DC2B129900005538FB /* Font */ = {
			isa = PBXGroup;
			children = (
				27AF46DF2B129920005538FB /* Poppins */,
			);
			path = Font;
			sourceTree = "<group>";
		};
		27AF46DF2B129920005538FB /* Poppins */ = {
			isa = PBXGroup;
			children = (
				27AF46E02B129945005538FB /* Poppins-Bold.ttf */,
				27AF46E12B129945005538FB /* Poppins-Medium.ttf */,
				27AF46E22B129945005538FB /* Poppins-Regular.ttf */,
			);
			path = Poppins;
			sourceTree = "<group>";
		};
		27AF46E72B129A68005538FB /* View */ = {
			isa = PBXGroup;
			children = (
				27AF46F82B12A3DC005538FB /* Cells */,
				27AF46F62B12A3D5005538FB /* VC */,
			);
			path = View;
			sourceTree = "<group>";
		};
		27AF46E82B129A6F005538FB /* Coordinator */ = {
			isa = PBXGroup;
			children = (
				27AF46E92B129A7B005538FB /* HomeCoordinator.swift */,
			);
			path = Coordinator;
			sourceTree = "<group>";
		};
		27AF46EE2B12A145005538FB /* Model */ = {
			isa = PBXGroup;
			children = (
				27AF46EF2B12A15F005538FB /* PersonModel.swift */,
				278BE7612B12CC9800BF7353 /* HomeSection.swift */,
				278BE7642B12CCA700BF7353 /* HomeIdentifier.swift */,
			);
			path = Model;
			sourceTree = "<group>";
		};
		27AF46F22B12A29C005538FB /* ViewModel */ = {
			isa = PBXGroup;
			children = (
				27AF46F32B12A2A8005538FB /* HomeViewModel.swift */,
			);
			path = ViewModel;
			sourceTree = "<group>";
		};
		27AF46F62B12A3D5005538FB /* VC */ = {
			isa = PBXGroup;
			children = (
				27D29A2E2B125B01001ACEDB /* HomeVC.swift */,
				27CE0B182B135A60003D06A4 /* HomeVC+ CompositionalLayout.swift */,
				27D29A2F2B125B01001ACEDB /* HomeVC.xib */,
			);
			path = VC;
			sourceTree = "<group>";
		};
		27AF46F82B12A3DC005538FB /* Cells */ = {
			isa = PBXGroup;
			children = (
				278BE76E2B12E27100BF7353 /* Add */,
				278BE7662B12D39600BF7353 /* LabledTagg */,
				27AF47052B12AEB0005538FB /* Header */,
				27AF46F92B12A3E1005538FB /* Person */,
			);
			path = Cells;
			sourceTree = "<group>";
		};
		27AF46F92B12A3E1005538FB /* Person */ = {
			isa = PBXGroup;
			children = (
				27AF46FB2B12A3F5005538FB /* PersonCell.swift */,
				27AF46FC2B12A3F5005538FB /* PersonCell.xib */,
			);
			path = Person;
			sourceTree = "<group>";
		};
		27AF47052B12AEB0005538FB /* Header */ = {
			isa = PBXGroup;
			children = (
				27AF47062B12AEC2005538FB /* Header.swift */,
				27AF47072B12AEC2005538FB /* Header.xib */,
			);
			path = Header;
			sourceTree = "<group>";
		};
		27CE0B202B13694E003D06A4 /* Categories */ = {
			isa = PBXGroup;
			children = (
				27CE0B212B136970003D06A4 /* Categories.json */,
			);
			path = Categories;
			sourceTree = "<group>";
		};
		27D29A0C2B1259B4001ACEDB = {
			isa = PBXGroup;
			children = (
				27D29A172B1259B4001ACEDB /* Free-Adds */,
				27D29A162B1259B4001ACEDB /* Products */,
			);
			sourceTree = "<group>";
		};
		27D29A162B1259B4001ACEDB /* Products */ = {
			isa = PBXGroup;
			children = (
				27D29A152B1259B4001ACEDB /* Free-Adds.app */,
			);
			name = Products;
			sourceTree = "<group>";
		};
		27D29A172B1259B4001ACEDB /* Free-Adds */ = {
			isa = PBXGroup;
			children = (
				27AF46DB2B1298FD005538FB /* Resources */,
				27D29A322B125BA8001ACEDB /* Common */,
				27D29A2C2B125AD2001ACEDB /* Scene */,
				27D29A182B1259B4001ACEDB /* AppDelegate.swift */,
				27D29A1A2B1259B4001ACEDB /* SceneDelegate.swift */,
				27D29A1C2B1259B4001ACEDB /* ViewController.swift */,
				27D29A212B1259B6001ACEDB /* Assets.xcassets */,
				27D29A262B1259B6001ACEDB /* Info.plist */,
			);
			path = "Free-Adds";
			sourceTree = "<group>";
		};
		27D29A2C2B125AD2001ACEDB /* Scene */ = {
			isa = PBXGroup;
			children = (
				27AF46EB2B129A8E005538FB /* AppCoordinator.swift */,
				27D29A2D2B125AD9001ACEDB /* Home */,
			);
			path = Scene;
			sourceTree = "<group>";
		};
		27D29A2D2B125AD9001ACEDB /* Home */ = {
			isa = PBXGroup;
			children = (
				27AF46E82B129A6F005538FB /* Coordinator */,
				27AF46E72B129A68005538FB /* View */,
				27AF46F22B12A29C005538FB /* ViewModel */,
				27AF46EE2B12A145005538FB /* Model */,
			);
			path = Home;
			sourceTree = "<group>";
		};
		27D29A322B125BA8001ACEDB /* Common */ = {
			isa = PBXGroup;
			children = (
				27D29A332B125BAC001ACEDB /* Extension */,
			);
			path = Common;
			sourceTree = "<group>";
		};
		27D29A332B125BAC001ACEDB /* Extension */ = {
			isa = PBXGroup;
			children = (
				27D29A352B125BB6001ACEDB /* AnyInspectable.swift */,
				27D29A342B125BB6001ACEDB /* UIColor.swift */,
				27AF46FF2B12A626005538FB /* NibLoadableView.swift */,
				27AF47032B12A647005538FB /* ReusableView.swift */,
				27CE0B232B136A72003D06A4 /* CodableBundleExtension.swift */,
			);
			path = Extension;
			sourceTree = "<group>";
		};
/* End PBXGroup section */

/* Begin PBXNativeTarget section */
		27D29A142B1259B4001ACEDB /* Free-Adds */ = {
			isa = PBXNativeTarget;
			buildConfigurationList = 27D29A292B1259B6001ACEDB /* Build configuration list for PBXNativeTarget "Free-Adds" */;
			buildPhases = (
				27D29A112B1259B4001ACEDB /* Sources */,
				27D29A122B1259B4001ACEDB /* Frameworks */,
				27D29A132B1259B4001ACEDB /* Resources */,
			);
			buildRules = (
			);
			dependencies = (
				27D29A3A2B1272F2001ACEDB /* PBXTargetDependency */,
			);
			name = "Free-Adds";
			productName = "Free-Adds";
			productReference = 27D29A152B1259B4001ACEDB /* Free-Adds.app */;
			productType = "com.apple.product-type.application";
		};
/* End PBXNativeTarget section */

/* Begin PBXProject section */
		27D29A0D2B1259B4001ACEDB /* Project object */ = {
			isa = PBXProject;
			attributes = {
				BuildIndependentTargetsInParallel = 1;
				LastSwiftUpdateCheck = 1500;
				LastUpgradeCheck = 1500;
				TargetAttributes = {
					27D29A142B1259B4001ACEDB = {
						CreatedOnToolsVersion = 15.0.1;
					};
				};
			};
			buildConfigurationList = 27D29A102B1259B4001ACEDB /* Build configuration list for PBXProject "Free-Adds" */;
			compatibilityVersion = "Xcode 14.0";
			developmentRegion = en;
			hasScannedForEncodings = 0;
			knownRegions = (
				en,
				Base,
			);
			mainGroup = 27D29A0C2B1259B4001ACEDB;
			packageReferences = (
				27D29A382B1272E8001ACEDB /* XCRemoteSwiftPackageReference "SwiftLintPlugin" */,
			);
			productRefGroup = 27D29A162B1259B4001ACEDB /* Products */;
			projectDirPath = "";
			projectRoot = "";
			targets = (
				27D29A142B1259B4001ACEDB /* Free-Adds */,
			);
		};
/* End PBXProject section */

/* Begin PBXResourcesBuildPhase section */
		27D29A132B1259B4001ACEDB /* Resources */ = {
			isa = PBXResourcesBuildPhase;
			buildActionMask = 2147483647;
			files = (
				27D29A312B125B01001ACEDB /* HomeVC.xib in Resources */,
				278BE7722B12E28200BF7353 /* AddCell.xib in Resources */,
				27AF46E42B129945005538FB /* Poppins-Medium.ttf in Resources */,
				27AF46FE2B12A3F5005538FB /* PersonCell.xib in Resources */,
				27AF46E32B129945005538FB /* Poppins-Bold.ttf in Resources */,
				27AF47092B12AEC2005538FB /* Header.xib in Resources */,
				27CE0B222B136970003D06A4 /* Categories.json in Resources */,
				27D29A222B1259B6001ACEDB /* Assets.xcassets in Resources */,
				278BE76B2B12D40C00BF7353 /* LabeledTag.xib in Resources */,
				27AF46E52B129945005538FB /* Poppins-Regular.ttf in Resources */,
			);
			runOnlyForDeploymentPostprocessing = 0;
		};
/* End PBXResourcesBuildPhase section */

/* Begin PBXSourcesBuildPhase section */
		27D29A112B1259B4001ACEDB /* Sources */ = {
			isa = PBXSourcesBuildPhase;
			buildActionMask = 2147483647;
			files = (
				27D29A1D2B1259B4001ACEDB /* ViewController.swift in Sources */,
				278BE76A2B12D40C00BF7353 /* LabeledTag.swift in Sources */,
				27D29A192B1259B4001ACEDB /* AppDelegate.swift in Sources */,
				27D29A302B125B01001ACEDB /* HomeVC.swift in Sources */,
				27CE0B242B136A72003D06A4 /* CodableBundleExtension.swift in Sources */,
				27AF46F42B12A2A8005538FB /* HomeViewModel.swift in Sources */,
				27D29A372B125BB6001ACEDB /* AnyInspectable.swift in Sources */,
				27AF46EC2B129A8E005538FB /* AppCoordinator.swift in Sources */,
				27D29A1B2B1259B4001ACEDB /* SceneDelegate.swift in Sources */,
				27AF47042B12A647005538FB /* ReusableView.swift in Sources */,
				27AF46FD2B12A3F5005538FB /* PersonCell.swift in Sources */,
				27AF46F02B12A15F005538FB /* PersonModel.swift in Sources */,
				27AF47082B12AEC2005538FB /* Header.swift in Sources */,
				278BE7622B12CC9800BF7353 /* HomeSection.swift in Sources */,
				27AF47002B12A626005538FB /* NibLoadableView.swift in Sources */,
				27CE0B192B135A60003D06A4 /* HomeVC+ CompositionalLayout.swift in Sources */,
				27AF46EA2B129A7B005538FB /* HomeCoordinator.swift in Sources */,
				278BE7712B12E28200BF7353 /* AddCell.swift in Sources */,
				27D29A362B125BB6001ACEDB /* UIColor.swift in Sources */,
				278BE7652B12CCA700BF7353 /* HomeIdentifier.swift in Sources */,
			);
			runOnlyForDeploymentPostprocessing = 0;
		};
/* End PBXSourcesBuildPhase section */

/* Begin PBXTargetDependency section */
		27D29A3A2B1272F2001ACEDB /* PBXTargetDependency */ = {
			isa = PBXTargetDependency;
			productRef = 27D29A392B1272F2001ACEDB /* SwiftLint */;
		};
/* End PBXTargetDependency section */

/* Begin XCBuildConfiguration section */
		27D29A272B1259B6001ACEDB /* Debug */ = {
			isa = XCBuildConfiguration;
			buildSettings = {
				ALWAYS_SEARCH_USER_PATHS = NO;
				ASSETCATALOG_COMPILER_GENERATE_SWIFT_ASSET_SYMBOL_EXTENSIONS = YES;
				CLANG_ANALYZER_NONNULL = YES;
				CLANG_ANALYZER_NUMBER_OBJECT_CONVERSION = YES_AGGRESSIVE;
				CLANG_CXX_LANGUAGE_STANDARD = "gnu++20";
				CLANG_ENABLE_MODULES = YES;
				CLANG_ENABLE_OBJC_ARC = YES;
				CLANG_ENABLE_OBJC_WEAK = YES;
				CLANG_WARN_BLOCK_CAPTURE_AUTORELEASING = YES;
				CLANG_WARN_BOOL_CONVERSION = YES;
				CLANG_WARN_COMMA = YES;
				CLANG_WARN_CONSTANT_CONVERSION = YES;
				CLANG_WARN_DEPRECATED_OBJC_IMPLEMENTATIONS = YES;
				CLANG_WARN_DIRECT_OBJC_ISA_USAGE = YES_ERROR;
				CLANG_WARN_DOCUMENTATION_COMMENTS = YES;
				CLANG_WARN_EMPTY_BODY = YES;
				CLANG_WARN_ENUM_CONVERSION = YES;
				CLANG_WARN_INFINITE_RECURSION = YES;
				CLANG_WARN_INT_CONVERSION = YES;
				CLANG_WARN_NON_LITERAL_NULL_CONVERSION = YES;
				CLANG_WARN_OBJC_IMPLICIT_RETAIN_SELF = YES;
				CLANG_WARN_OBJC_LITERAL_CONVERSION = YES;
				CLANG_WARN_OBJC_ROOT_CLASS = YES_ERROR;
				CLANG_WARN_QUOTED_INCLUDE_IN_FRAMEWORK_HEADER = YES;
				CLANG_WARN_RANGE_LOOP_ANALYSIS = YES;
				CLANG_WARN_STRICT_PROTOTYPES = YES;
				CLANG_WARN_SUSPICIOUS_MOVE = YES;
				CLANG_WARN_UNGUARDED_AVAILABILITY = YES_AGGRESSIVE;
				CLANG_WARN_UNREACHABLE_CODE = YES;
				CLANG_WARN__DUPLICATE_METHOD_MATCH = YES;
				COPY_PHASE_STRIP = NO;
				DEBUG_INFORMATION_FORMAT = dwarf;
				ENABLE_STRICT_OBJC_MSGSEND = YES;
				ENABLE_TESTABILITY = YES;
				ENABLE_USER_SCRIPT_SANDBOXING = YES;
				GCC_C_LANGUAGE_STANDARD = gnu17;
				GCC_DYNAMIC_NO_PIC = NO;
				GCC_NO_COMMON_BLOCKS = YES;
				GCC_OPTIMIZATION_LEVEL = 0;
				GCC_PREPROCESSOR_DEFINITIONS = (
					"DEBUG=1",
					"$(inherited)",
				);
				GCC_WARN_64_TO_32_BIT_CONVERSION = YES;
				GCC_WARN_ABOUT_RETURN_TYPE = YES_ERROR;
				GCC_WARN_UNDECLARED_SELECTOR = YES;
				GCC_WARN_UNINITIALIZED_AUTOS = YES_AGGRESSIVE;
				GCC_WARN_UNUSED_FUNCTION = YES;
				GCC_WARN_UNUSED_VARIABLE = YES;
				IPHONEOS_DEPLOYMENT_TARGET = 17.0;
				LOCALIZATION_PREFERS_STRING_CATALOGS = YES;
				MTL_ENABLE_DEBUG_INFO = INCLUDE_SOURCE;
				MTL_FAST_MATH = YES;
				ONLY_ACTIVE_ARCH = YES;
				SDKROOT = iphoneos;
				SWIFT_ACTIVE_COMPILATION_CONDITIONS = "DEBUG $(inherited)";
				SWIFT_OPTIMIZATION_LEVEL = "-Onone";
			};
			name = Debug;
		};
		27D29A282B1259B6001ACEDB /* Release */ = {
			isa = XCBuildConfiguration;
			buildSettings = {
				ALWAYS_SEARCH_USER_PATHS = NO;
				ASSETCATALOG_COMPILER_GENERATE_SWIFT_ASSET_SYMBOL_EXTENSIONS = YES;
				CLANG_ANALYZER_NONNULL = YES;
				CLANG_ANALYZER_NUMBER_OBJECT_CONVERSION = YES_AGGRESSIVE;
				CLANG_CXX_LANGUAGE_STANDARD = "gnu++20";
				CLANG_ENABLE_MODULES = YES;
				CLANG_ENABLE_OBJC_ARC = YES;
				CLANG_ENABLE_OBJC_WEAK = YES;
				CLANG_WARN_BLOCK_CAPTURE_AUTORELEASING = YES;
				CLANG_WARN_BOOL_CONVERSION = YES;
				CLANG_WARN_COMMA = YES;
				CLANG_WARN_CONSTANT_CONVERSION = YES;
				CLANG_WARN_DEPRECATED_OBJC_IMPLEMENTATIONS = YES;
				CLANG_WARN_DIRECT_OBJC_ISA_USAGE = YES_ERROR;
				CLANG_WARN_DOCUMENTATION_COMMENTS = YES;
				CLANG_WARN_EMPTY_BODY = YES;
				CLANG_WARN_ENUM_CONVERSION = YES;
				CLANG_WARN_INFINITE_RECURSION = YES;
				CLANG_WARN_INT_CONVERSION = YES;
				CLANG_WARN_NON_LITERAL_NULL_CONVERSION = YES;
				CLANG_WARN_OBJC_IMPLICIT_RETAIN_SELF = YES;
				CLANG_WARN_OBJC_LITERAL_CONVERSION = YES;
				CLANG_WARN_OBJC_ROOT_CLASS = YES_ERROR;
				CLANG_WARN_QUOTED_INCLUDE_IN_FRAMEWORK_HEADER = YES;
				CLANG_WARN_RANGE_LOOP_ANALYSIS = YES;
				CLANG_WARN_STRICT_PROTOTYPES = YES;
				CLANG_WARN_SUSPICIOUS_MOVE = YES;
				CLANG_WARN_UNGUARDED_AVAILABILITY = YES_AGGRESSIVE;
				CLANG_WARN_UNREACHABLE_CODE = YES;
				CLANG_WARN__DUPLICATE_METHOD_MATCH = YES;
				COPY_PHASE_STRIP = NO;
				DEBUG_INFORMATION_FORMAT = "dwarf-with-dsym";
				ENABLE_NS_ASSERTIONS = NO;
				ENABLE_STRICT_OBJC_MSGSEND = YES;
				ENABLE_USER_SCRIPT_SANDBOXING = YES;
				GCC_C_LANGUAGE_STANDARD = gnu17;
				GCC_NO_COMMON_BLOCKS = YES;
				GCC_WARN_64_TO_32_BIT_CONVERSION = YES;
				GCC_WARN_ABOUT_RETURN_TYPE = YES_ERROR;
				GCC_WARN_UNDECLARED_SELECTOR = YES;
				GCC_WARN_UNINITIALIZED_AUTOS = YES_AGGRESSIVE;
				GCC_WARN_UNUSED_FUNCTION = YES;
				GCC_WARN_UNUSED_VARIABLE = YES;
				IPHONEOS_DEPLOYMENT_TARGET = 17.0;
				LOCALIZATION_PREFERS_STRING_CATALOGS = YES;
				MTL_ENABLE_DEBUG_INFO = NO;
				MTL_FAST_MATH = YES;
				SDKROOT = iphoneos;
				SWIFT_COMPILATION_MODE = wholemodule;
				VALIDATE_PRODUCT = YES;
			};
			name = Release;
		};
		27D29A2A2B1259B6001ACEDB /* Debug */ = {
			isa = XCBuildConfiguration;
			buildSettings = {
				ASSETCATALOG_COMPILER_APPICON_NAME = AppIcon;
				ASSETCATALOG_COMPILER_GLOBAL_ACCENT_COLOR_NAME = AccentColor;
				CODE_SIGN_STYLE = Automatic;
				CURRENT_PROJECT_VERSION = 1;
				DEVELOPMENT_TEAM = B6A7UUWXVV;
				GENERATE_INFOPLIST_FILE = YES;
				INFOPLIST_FILE = "Free-Adds/Info.plist";
				INFOPLIST_KEY_UIApplicationSupportsIndirectInputEvents = YES;
				INFOPLIST_KEY_UILaunchStoryboardName = LaunchScreen;
				INFOPLIST_KEY_UISupportedInterfaceOrientations_iPad = "UIInterfaceOrientationPortrait UIInterfaceOrientationPortraitUpsideDown UIInterfaceOrientationLandscapeLeft UIInterfaceOrientationLandscapeRight";
				INFOPLIST_KEY_UISupportedInterfaceOrientations_iPhone = "UIInterfaceOrientationPortrait UIInterfaceOrientationLandscapeLeft UIInterfaceOrientationLandscapeRight";
				INFOPLIST_KEY_UIUserInterfaceStyle = Dark;
				LD_RUNPATH_SEARCH_PATHS = (
					"$(inherited)",
					"@executable_path/Frameworks",
				);
				MARKETING_VERSION = 1.0;
				PRODUCT_BUNDLE_IDENTIFIER = "com.amin.Free-Adds";
				PRODUCT_NAME = "$(TARGET_NAME)";
				SWIFT_EMIT_LOC_STRINGS = YES;
				SWIFT_VERSION = 5.0;
				TARGETED_DEVICE_FAMILY = "1,2";
			};
			name = Debug;
		};
		27D29A2B2B1259B6001ACEDB /* Release */ = {
			isa = XCBuildConfiguration;
			buildSettings = {
				ASSETCATALOG_COMPILER_APPICON_NAME = AppIcon;
				ASSETCATALOG_COMPILER_GLOBAL_ACCENT_COLOR_NAME = AccentColor;
				CODE_SIGN_STYLE = Automatic;
				CURRENT_PROJECT_VERSION = 1;
				DEVELOPMENT_TEAM = B6A7UUWXVV;
				GENERATE_INFOPLIST_FILE = YES;
				INFOPLIST_FILE = "Free-Adds/Info.plist";
				INFOPLIST_KEY_UIApplicationSupportsIndirectInputEvents = YES;
				INFOPLIST_KEY_UILaunchStoryboardName = LaunchScreen;
				INFOPLIST_KEY_UISupportedInterfaceOrientations_iPad = "UIInterfaceOrientationPortrait UIInterfaceOrientationPortraitUpsideDown UIInterfaceOrientationLandscapeLeft UIInterfaceOrientationLandscapeRight";
				INFOPLIST_KEY_UISupportedInterfaceOrientations_iPhone = "UIInterfaceOrientationPortrait UIInterfaceOrientationLandscapeLeft UIInterfaceOrientationLandscapeRight";
				INFOPLIST_KEY_UIUserInterfaceStyle = Dark;
				LD_RUNPATH_SEARCH_PATHS = (
					"$(inherited)",
					"@executable_path/Frameworks",
				);
				MARKETING_VERSION = 1.0;
				PRODUCT_BUNDLE_IDENTIFIER = "com.amin.Free-Adds";
				PRODUCT_NAME = "$(TARGET_NAME)";
				SWIFT_EMIT_LOC_STRINGS = YES;
				SWIFT_VERSION = 5.0;
				TARGETED_DEVICE_FAMILY = "1,2";
			};
			name = Release;
		};
/* End XCBuildConfiguration section */

/* Begin XCConfigurationList section */
		27D29A102B1259B4001ACEDB /* Build configuration list for PBXProject "Free-Adds" */ = {
			isa = XCConfigurationList;
			buildConfigurations = (
				27D29A272B1259B6001ACEDB /* Debug */,
				27D29A282B1259B6001ACEDB /* Release */,
			);
			defaultConfigurationIsVisible = 0;
			defaultConfigurationName = Release;
		};
		27D29A292B1259B6001ACEDB /* Build configuration list for PBXNativeTarget "Free-Adds" */ = {
			isa = XCConfigurationList;
			buildConfigurations = (
				27D29A2A2B1259B6001ACEDB /* Debug */,
				27D29A2B2B1259B6001ACEDB /* Release */,
			);
			defaultConfigurationIsVisible = 0;
			defaultConfigurationName = Release;
		};
/* End XCConfigurationList section */

/* Begin XCRemoteSwiftPackageReference section */
		27D29A382B1272E8001ACEDB /* XCRemoteSwiftPackageReference "SwiftLintPlugin" */ = {
			isa = XCRemoteSwiftPackageReference;
			repositoryURL = "https://github.com/lukepistrol/SwiftLintPlugin";
			requirement = {
				kind = upToNextMajorVersion;
				minimumVersion = 0.54.0;
			};
		};
/* End XCRemoteSwiftPackageReference section */

/* Begin XCSwiftPackageProductDependency section */
		27D29A392B1272F2001ACEDB /* SwiftLint */ = {
			isa = XCSwiftPackageProductDependency;
			package = 27D29A382B1272E8001ACEDB /* XCRemoteSwiftPackageReference "SwiftLintPlugin" */;
			productName = "plugin:SwiftLint";
		};
/* End XCSwiftPackageProductDependency section */
	};
	rootObject = 27D29A0D2B1259B4001ACEDB /* Project object */;
}
